
Microsoft Visual Studio Solution File, Format Version 12.00
Project("{2150E333-8FDC-42A3-9474-1A3956D46DE8}") = "src", "src", "{4DB255EE-857F-4772-A427-B1FB7C5C73C7}"
EndProject
Project("{2150E333-8FDC-42A3-9474-1A3956D46DE8}") = "Bootstrapper", "Bootstrapper", "{495200F9-2EF9-404F-9220-7DBEA311F038}"
EndProject
Project("{2150E333-8FDC-42A3-9474-1A3956D46DE8}") = "Modules", "Modules", "{D3315BE7-8948-4009-B1CD-7E926584297B}"
EndProject
Project("{2150E333-8FDC-42A3-9474-1A3956D46DE8}") = "Shared", "Shared", "{23D97AF7-96F3-49EC-BFE2-CCE1B738FCEE}"
EndProject
Project("{2150E333-8FDC-42A3-9474-1A3956D46DE8}") = "tests", "tests", "{775CE607-1412-4AB7-AC27-6F5983ED2197}"
EndProject
Project("{FAE04EC0-301F-11D3-BF4B-00C04F79EFBC}") = "ModularMonolith.CategoryManagement.Domain", "src\Modules\CategoryManagement\ModularMonolith.CategoryManagement.Domain\ModularMonolith.CategoryManagement.Domain.csproj", "{BBAF6E32-FA5F-4916-9F22-AD58F95D2992}"
EndProject
Project("{2150E333-8FDC-42A3-9474-1A3956D46DE8}") = "CategoryManagement", "CategoryManagement", "{2E2598B1-7339-4E03-B452-7B9AF9937631}"
EndProject
Project("{FAE04EC0-301F-11D3-BF4B-00C04F79EFBC}") = "ModularMonolith.CategoryManagement.Application", "src\Modules\CategoryManagement\ModularMonolith.CategoryManagement.Application\ModularMonolith.CategoryManagement.Application.csproj", "{EF8EF229-E23A-43C3-BA6B-28C04E909485}"
EndProject
Project("{FAE04EC0-301F-11D3-BF4B-00C04F79EFBC}") = "ModularMonolith.Shared.Contracts", "src\Shared\ModularMonolith.Shared.Contracts\ModularMonolith.Shared.Contracts.csproj", "{AE9B90FA-0F23-4F56-BBF5-6B02F3D07EC4}"
EndProject
Project("{FAE04EC0-301F-11D3-BF4B-00C04F79EFBC}") = "ModularMonolith.Shared.Application", "src\Shared\ModularMonolith.Shared.Application\ModularMonolith.Shared.Application.csproj", "{A05144C4-127D-4697-9B9C-263E04C11E49}"
EndProject
Project("{FAE04EC0-301F-11D3-BF4B-00C04F79EFBC}") = "ModularMonolith.Shared.Infrastructure", "src\Shared\ModularMonolith.Shared.Infrastructure\ModularMonolith.Shared.Infrastructure.csproj", "{94E65B55-B084-43F0-B439-24A8E338D1BE}"
EndProject
Project("{FAE04EC0-301F-11D3-BF4B-00C04F79EFBC}") = "ModularMonolith.Shared.Domain", "src\Shared\ModularMonolith.Shared.Domain\ModularMonolith.Shared.Domain.csproj", "{7054E47F-787F-4AE3-A0B1-850CDD04BBF7}"
EndProject
Project("{FAE04EC0-301F-11D3-BF4B-00C04F79EFBC}") = "ModularMonolith.Shared.Core", "src\Shared\ModularMonolith.Shared.Core\ModularMonolith.Shared.Core.csproj", "{266D8B0D-BD23-4BCA-A207-747F8B981DAB}"
EndProject
Project("{2150E333-8FDC-42A3-9474-1A3956D46DE8}") = "Shared", "Shared", "{282304E4-D50F-4AB3-8699-7CD18964EBF0}"
EndProject
Project("{FAE04EC0-301F-11D3-BF4B-00C04F79EFBC}") = "ModularMonolith.Shared.Infrastructure.IntegrationTests", "tests\Shared\ModularMonolith.Shared.Infrastructure.IntegrationTests\ModularMonolith.Shared.Infrastructure.IntegrationTests.csproj", "{8E1275C1-1A62-4CD0-96D9-B650AEE1E34B}"
EndProject
Project("{FAE04EC0-301F-11D3-BF4B-00C04F79EFBC}") = "ModularMonolith.Shared.Api", "src\Shared\ModularMonolith.Shared.Api\ModularMonolith.Shared.Api.csproj", "{298E5F9B-3D46-4A00-8D54-2FBD5B0B2E97}"
EndProject
Project("{FAE04EC0-301F-11D3-BF4B-00C04F79EFBC}") = "ModularMonolith.Bootstrapper", "src\Bootstrapper\ModularMonolith.Bootstrapper\ModularMonolith.Bootstrapper.csproj", "{385F96E4-6FA3-49F4-97B5-CF2B47DF4BD8}"
EndProject
Project("{FAE04EC0-301F-11D3-BF4B-00C04F79EFBC}") = "ModularMonolith.CategoryManagement.Contracts", "src\Modules\CategoryManagement\ModularMonolith.CategoryManagement.Contracts\ModularMonolith.CategoryManagement.Contracts.csproj", "{344DC25C-7360-4D11-B3BF-837446937076}"
EndProject
Project("{FAE04EC0-301F-11D3-BF4B-00C04F79EFBC}") = "ModularMonolith.CategoryManagement.Infrastructure", "src\Modules\CategoryManagement\ModularMonolith.CategoryManagement.Infrastructure\ModularMonolith.CategoryManagement.Infrastructure.csproj", "{075AED8F-5FC1-423B-8BF1-29BE4B1CF52B}"
EndProject
Project("{FAE04EC0-301F-11D3-BF4B-00C04F79EFBC}") = "ModularMonolith.CategoryManagement.Api", "src\Modules\CategoryManagement\ModularMonolith.CategoryManagement.Api\ModularMonolith.CategoryManagement.Api.csproj", "{05CDDFB0-A40B-4CD0-BF60-B3F64F840377}"
EndProject
Project("{2150E333-8FDC-42A3-9474-1A3956D46DE8}") = "Modules", "Modules", "{4A7E2C58-0F4B-4084-8C03-204B8F58EAE7}"
EndProject
Project("{2150E333-8FDC-42A3-9474-1A3956D46DE8}") = "CategoryManagement", "CategoryManagement", "{AB6EC38A-288E-4BB3-AD7E-2E652B04A145}"
EndProject
Project("{FAE04EC0-301F-11D3-BF4B-00C04F79EFBC}") = "ModularMonolith.CategoryManagement.Application.UnitTests", "tests\Modules\CategoryManagement\ModularMonolith.CategoryManagement.Application.UnitTests\ModularMonolith.CategoryManagement.Application.UnitTests.csproj", "{33DF7DDB-C87C-49EF-9DF4-EEF505E0986B}"
EndProject
Project("{2150E333-8FDC-42A3-9474-1A3956D46DE8}") = "tools", "tools", "{B93D64D5-80C4-48EB-B938-10E66BA5A7E0}"
EndProject
Project("{2150E333-8FDC-42A3-9474-1A3956D46DE8}") = "Docker", "Docker", "{E61AF8E6-1321-4DF1-8245-B0AD6D93EB7F}"
	ProjectSection(SolutionItems) = preProject
		tools\Docker\docker-compose.yml = tools\Docker\docker-compose.yml
	EndProjectSection
EndProject
Project("{2150E333-8FDC-42A3-9474-1A3956D46DE8}") = "Scripts", "Scripts", "{1655472A-29C3-48F2-B5CA-228591A3D3FA}"
	ProjectSection(SolutionItems) = preProject
		tools\Scripts\add-migration.sh = tools\Scripts\add-migration.sh
		tools\Scripts\create-database.sql = tools\Scripts\create-database.sql
		tools\Scripts\update-databases.sh = tools\Scripts\update-databases.sh
	EndProjectSection
EndProject
Project("{FAE04EC0-301F-11D3-BF4B-00C04F79EFBC}") = "ModularMonolith.Shared.Migrations", "src\Shared\ModularMonolith.Shared.Migrations\ModularMonolith.Shared.Migrations.csproj", "{98F0EF2A-4399-417C-B624-743D407D1885}"
EndProject
Project("{FAE04EC0-301F-11D3-BF4B-00C04F79EFBC}") = "ModularMonolith.CategoryManagement.Migrations", "src\Modules\CategoryManagement\ModularMonolith.CategoryManagement.Migrations\ModularMonolith.CategoryManagement.Migrations.csproj", "{E16F9EF7-00FE-47CD-BA0A-F1C4B46D7565}"
EndProject
Project("{2150E333-8FDC-42A3-9474-1A3956D46DE8}") = "Identity", "Identity", "{FAC7DF74-47D5-4F61-8446-5940C54A2BBE}"
EndProject
Project("{FAE04EC0-301F-11D3-BF4B-00C04F79EFBC}") = "ModularMonolith.Identity.Domain", "src\Modules\Identity\ModularMonolith.Identity.Domain\ModularMonolith.Identity.Domain.csproj", "{7EF4ACE0-3517-4C22-9E4E-2F9293400D4A}"
EndProject
Project("{FAE04EC0-301F-11D3-BF4B-00C04F79EFBC}") = "ModularMonolith.Identity.Contracts", "src\Modules\Identity\ModularMonolith.Identity.Contracts\ModularMonolith.Identity.Contracts.csproj", "{DB02FA02-59B6-46DA-A291-935D43C3B381}"
EndProject
Project("{FAE04EC0-301F-11D3-BF4B-00C04F79EFBC}") = "ModularMonolith.Identity.Application", "src\Modules\Identity\ModularMonolith.Identity.Application\ModularMonolith.Identity.Application.csproj", "{2287D46C-3D1A-4948-BE63-14C0758200C1}"
EndProject
Project("{FAE04EC0-301F-11D3-BF4B-00C04F79EFBC}") = "ModularMonolith.Identity.Infrastructure", "src\Modules\Identity\ModularMonolith.Identity.Infrastructure\ModularMonolith.Identity.Infrastructure.csproj", "{23B3D575-B275-42EE-9B40-516FA02B7F95}"
EndProject
Project("{FAE04EC0-301F-11D3-BF4B-00C04F79EFBC}") = "ModularMonolith.Identity.Migrations", "src\Modules\Identity\ModularMonolith.Identity.Migrations\ModularMonolith.Identity.Migrations.csproj", "{EF58FEB8-5C09-4A96-BE07-41F8B6049D1D}"
EndProject
Project("{FAE04EC0-301F-11D3-BF4B-00C04F79EFBC}") = "ModularMonolith.Identity.Api", "src\Modules\Identity\ModularMonolith.Identity.Api\ModularMonolith.Identity.Api.csproj", "{07B5331C-885A-45FD-A4FA-5C909B3994AE}"
EndProject
Project("{FAE04EC0-301F-11D3-BF4B-00C04F79EFBC}") = "ModularMonolith.Identity.Core", "src\Modules\Identity\ModularMonolith.Identity.Core\ModularMonolith.Identity.Core.csproj", "{15293147-AB68-4047-8507-5C2988101967}"
EndProject
Project("{2150E333-8FDC-42A3-9474-1A3956D46DE8}") = "Identity", "Identity", "{F82F4EB8-6621-40EB-A59D-A02B6834B214}"
EndProject
Project("{FAE04EC0-301F-11D3-BF4B-00C04F79EFBC}") = "ModularMonolith.Identity.Application.UnitTests", "tests\Modules\Identity\ModularMonolith.Identity.Application.UnitTests\ModularMonolith.Identity.Application.UnitTests.csproj", "{DD05C323-A321-47E3-9C3D-19C1D4451440}"
EndProject
Project("{FAE04EC0-301F-11D3-BF4B-00C04F79EFBC}") = "ModularMonolith.CategoryManagement.Api.IntegrationTests", "tests\Modules\CategoryManagement\ModularMonolith.CategoryManagement.Api.IntegrationTests\ModularMonolith.CategoryManagement.Api.IntegrationTests.csproj", "{1DD17A04-6529-4318-8A12-08C0E400CCF1}"
EndProject
Project("{FAE04EC0-301F-11D3-BF4B-00C04F79EFBC}") = "ModularMonolith.Shared.IntegrationTests.Common", "tests\Shared\ModularMonolith.Shared.IntegrationTests.Common\ModularMonolith.Shared.IntegrationTests.Common.csproj", "{2A34D3F0-12BC-4D88-9014-917C64F8C68A}"
EndProject
Project("{FAE04EC0-301F-11D3-BF4B-00C04F79EFBC}") = "ModularMonolith.Shared.TestUtils", "src\Shared\ModularMonolith.Shared.TestUtils\ModularMonolith.Shared.TestUtils.csproj", "{C7FA6DE9-8AD4-4F72-A80B-19C3E06E8C59}"
EndProject
Global
	GlobalSection(SolutionConfigurationPlatforms) = preSolution
		Debug|Any CPU = Debug|Any CPU
		Release|Any CPU = Release|Any CPU
	EndGlobalSection
	GlobalSection(NestedProjects) = preSolution
		{495200F9-2EF9-404F-9220-7DBEA311F038} = {4DB255EE-857F-4772-A427-B1FB7C5C73C7}
		{D3315BE7-8948-4009-B1CD-7E926584297B} = {4DB255EE-857F-4772-A427-B1FB7C5C73C7}
		{23D97AF7-96F3-49EC-BFE2-CCE1B738FCEE} = {4DB255EE-857F-4772-A427-B1FB7C5C73C7}
		{2E2598B1-7339-4E03-B452-7B9AF9937631} = {D3315BE7-8948-4009-B1CD-7E926584297B}
		{BBAF6E32-FA5F-4916-9F22-AD58F95D2992} = {2E2598B1-7339-4E03-B452-7B9AF9937631}
		{EF8EF229-E23A-43C3-BA6B-28C04E909485} = {2E2598B1-7339-4E03-B452-7B9AF9937631}
		{AE9B90FA-0F23-4F56-BBF5-6B02F3D07EC4} = {23D97AF7-96F3-49EC-BFE2-CCE1B738FCEE}
		{A05144C4-127D-4697-9B9C-263E04C11E49} = {23D97AF7-96F3-49EC-BFE2-CCE1B738FCEE}
		{94E65B55-B084-43F0-B439-24A8E338D1BE} = {23D97AF7-96F3-49EC-BFE2-CCE1B738FCEE}
		{7054E47F-787F-4AE3-A0B1-850CDD04BBF7} = {23D97AF7-96F3-49EC-BFE2-CCE1B738FCEE}
		{266D8B0D-BD23-4BCA-A207-747F8B981DAB} = {23D97AF7-96F3-49EC-BFE2-CCE1B738FCEE}
		{282304E4-D50F-4AB3-8699-7CD18964EBF0} = {775CE607-1412-4AB7-AC27-6F5983ED2197}
		{8E1275C1-1A62-4CD0-96D9-B650AEE1E34B} = {282304E4-D50F-4AB3-8699-7CD18964EBF0}
		{298E5F9B-3D46-4A00-8D54-2FBD5B0B2E97} = {23D97AF7-96F3-49EC-BFE2-CCE1B738FCEE}
		{385F96E4-6FA3-49F4-97B5-CF2B47DF4BD8} = {495200F9-2EF9-404F-9220-7DBEA311F038}
		{344DC25C-7360-4D11-B3BF-837446937076} = {2E2598B1-7339-4E03-B452-7B9AF9937631}
		{075AED8F-5FC1-423B-8BF1-29BE4B1CF52B} = {2E2598B1-7339-4E03-B452-7B9AF9937631}
		{05CDDFB0-A40B-4CD0-BF60-B3F64F840377} = {2E2598B1-7339-4E03-B452-7B9AF9937631}
		{4A7E2C58-0F4B-4084-8C03-204B8F58EAE7} = {775CE607-1412-4AB7-AC27-6F5983ED2197}
		{AB6EC38A-288E-4BB3-AD7E-2E652B04A145} = {4A7E2C58-0F4B-4084-8C03-204B8F58EAE7}
		{33DF7DDB-C87C-49EF-9DF4-EEF505E0986B} = {AB6EC38A-288E-4BB3-AD7E-2E652B04A145}
		{E61AF8E6-1321-4DF1-8245-B0AD6D93EB7F} = {B93D64D5-80C4-48EB-B938-10E66BA5A7E0}
		{1655472A-29C3-48F2-B5CA-228591A3D3FA} = {B93D64D5-80C4-48EB-B938-10E66BA5A7E0}
		{98F0EF2A-4399-417C-B624-743D407D1885} = {23D97AF7-96F3-49EC-BFE2-CCE1B738FCEE}
		{E16F9EF7-00FE-47CD-BA0A-F1C4B46D7565} = {2E2598B1-7339-4E03-B452-7B9AF9937631}
		{FAC7DF74-47D5-4F61-8446-5940C54A2BBE} = {D3315BE7-8948-4009-B1CD-7E926584297B}
		{7EF4ACE0-3517-4C22-9E4E-2F9293400D4A} = {FAC7DF74-47D5-4F61-8446-5940C54A2BBE}
		{DB02FA02-59B6-46DA-A291-935D43C3B381} = {FAC7DF74-47D5-4F61-8446-5940C54A2BBE}
		{2287D46C-3D1A-4948-BE63-14C0758200C1} = {FAC7DF74-47D5-4F61-8446-5940C54A2BBE}
		{23B3D575-B275-42EE-9B40-516FA02B7F95} = {FAC7DF74-47D5-4F61-8446-5940C54A2BBE}
		{EF58FEB8-5C09-4A96-BE07-41F8B6049D1D} = {FAC7DF74-47D5-4F61-8446-5940C54A2BBE}
		{07B5331C-885A-45FD-A4FA-5C909B3994AE} = {FAC7DF74-47D5-4F61-8446-5940C54A2BBE}
		{15293147-AB68-4047-8507-5C2988101967} = {FAC7DF74-47D5-4F61-8446-5940C54A2BBE}
		{F82F4EB8-6621-40EB-A59D-A02B6834B214} = {4A7E2C58-0F4B-4084-8C03-204B8F58EAE7}
		{DD05C323-A321-47E3-9C3D-19C1D4451440} = {F82F4EB8-6621-40EB-A59D-A02B6834B214}
		{1DD17A04-6529-4318-8A12-08C0E400CCF1} = {AB6EC38A-288E-4BB3-AD7E-2E652B04A145}
		{2A34D3F0-12BC-4D88-9014-917C64F8C68A} = {282304E4-D50F-4AB3-8699-7CD18964EBF0}
		{C7FA6DE9-8AD4-4F72-A80B-19C3E06E8C59} = {23D97AF7-96F3-49EC-BFE2-CCE1B738FCEE}
	EndGlobalSection
	GlobalSection(ProjectConfigurationPlatforms) = postSolution
		{BBAF6E32-FA5F-4916-9F22-AD58F95D2992}.Debug|Any CPU.ActiveCfg = Debug|Any CPU
		{BBAF6E32-FA5F-4916-9F22-AD58F95D2992}.Debug|Any CPU.Build.0 = Debug|Any CPU
		{BBAF6E32-FA5F-4916-9F22-AD58F95D2992}.Release|Any CPU.ActiveCfg = Release|Any CPU
		{BBAF6E32-FA5F-4916-9F22-AD58F95D2992}.Release|Any CPU.Build.0 = Release|Any CPU
		{EF8EF229-E23A-43C3-BA6B-28C04E909485}.Debug|Any CPU.ActiveCfg = Debug|Any CPU
		{EF8EF229-E23A-43C3-BA6B-28C04E909485}.Debug|Any CPU.Build.0 = Debug|Any CPU
		{EF8EF229-E23A-43C3-BA6B-28C04E909485}.Release|Any CPU.ActiveCfg = Release|Any CPU
		{EF8EF229-E23A-43C3-BA6B-28C04E909485}.Release|Any CPU.Build.0 = Release|Any CPU
		{AE9B90FA-0F23-4F56-BBF5-6B02F3D07EC4}.Debug|Any CPU.ActiveCfg = Debug|Any CPU
		{AE9B90FA-0F23-4F56-BBF5-6B02F3D07EC4}.Debug|Any CPU.Build.0 = Debug|Any CPU
		{AE9B90FA-0F23-4F56-BBF5-6B02F3D07EC4}.Release|Any CPU.ActiveCfg = Release|Any CPU
		{AE9B90FA-0F23-4F56-BBF5-6B02F3D07EC4}.Release|Any CPU.Build.0 = Release|Any CPU
		{A05144C4-127D-4697-9B9C-263E04C11E49}.Debug|Any CPU.ActiveCfg = Debug|Any CPU
		{A05144C4-127D-4697-9B9C-263E04C11E49}.Debug|Any CPU.Build.0 = Debug|Any CPU
		{A05144C4-127D-4697-9B9C-263E04C11E49}.Release|Any CPU.ActiveCfg = Release|Any CPU
		{A05144C4-127D-4697-9B9C-263E04C11E49}.Release|Any CPU.Build.0 = Release|Any CPU
		{94E65B55-B084-43F0-B439-24A8E338D1BE}.Debug|Any CPU.ActiveCfg = Debug|Any CPU
		{94E65B55-B084-43F0-B439-24A8E338D1BE}.Debug|Any CPU.Build.0 = Debug|Any CPU
		{94E65B55-B084-43F0-B439-24A8E338D1BE}.Release|Any CPU.ActiveCfg = Release|Any CPU
		{94E65B55-B084-43F0-B439-24A8E338D1BE}.Release|Any CPU.Build.0 = Release|Any CPU
		{7054E47F-787F-4AE3-A0B1-850CDD04BBF7}.Debug|Any CPU.ActiveCfg = Debug|Any CPU
		{7054E47F-787F-4AE3-A0B1-850CDD04BBF7}.Debug|Any CPU.Build.0 = Debug|Any CPU
		{7054E47F-787F-4AE3-A0B1-850CDD04BBF7}.Release|Any CPU.ActiveCfg = Release|Any CPU
		{7054E47F-787F-4AE3-A0B1-850CDD04BBF7}.Release|Any CPU.Build.0 = Release|Any CPU
		{266D8B0D-BD23-4BCA-A207-747F8B981DAB}.Debug|Any CPU.ActiveCfg = Debug|Any CPU
		{266D8B0D-BD23-4BCA-A207-747F8B981DAB}.Debug|Any CPU.Build.0 = Debug|Any CPU
		{266D8B0D-BD23-4BCA-A207-747F8B981DAB}.Release|Any CPU.ActiveCfg = Release|Any CPU
		{266D8B0D-BD23-4BCA-A207-747F8B981DAB}.Release|Any CPU.Build.0 = Release|Any CPU
		{8E1275C1-1A62-4CD0-96D9-B650AEE1E34B}.Debug|Any CPU.ActiveCfg = Debug|Any CPU
		{8E1275C1-1A62-4CD0-96D9-B650AEE1E34B}.Debug|Any CPU.Build.0 = Debug|Any CPU
		{8E1275C1-1A62-4CD0-96D9-B650AEE1E34B}.Release|Any CPU.ActiveCfg = Release|Any CPU
		{8E1275C1-1A62-4CD0-96D9-B650AEE1E34B}.Release|Any CPU.Build.0 = Release|Any CPU
		{298E5F9B-3D46-4A00-8D54-2FBD5B0B2E97}.Debug|Any CPU.ActiveCfg = Debug|Any CPU
		{298E5F9B-3D46-4A00-8D54-2FBD5B0B2E97}.Debug|Any CPU.Build.0 = Debug|Any CPU
		{298E5F9B-3D46-4A00-8D54-2FBD5B0B2E97}.Release|Any CPU.ActiveCfg = Release|Any CPU
		{298E5F9B-3D46-4A00-8D54-2FBD5B0B2E97}.Release|Any CPU.Build.0 = Release|Any CPU
		{385F96E4-6FA3-49F4-97B5-CF2B47DF4BD8}.Debug|Any CPU.ActiveCfg = Debug|Any CPU
		{385F96E4-6FA3-49F4-97B5-CF2B47DF4BD8}.Debug|Any CPU.Build.0 = Debug|Any CPU
		{385F96E4-6FA3-49F4-97B5-CF2B47DF4BD8}.Release|Any CPU.ActiveCfg = Release|Any CPU
		{385F96E4-6FA3-49F4-97B5-CF2B47DF4BD8}.Release|Any CPU.Build.0 = Release|Any CPU
		{344DC25C-7360-4D11-B3BF-837446937076}.Debug|Any CPU.ActiveCfg = Debug|Any CPU
		{344DC25C-7360-4D11-B3BF-837446937076}.Debug|Any CPU.Build.0 = Debug|Any CPU
		{344DC25C-7360-4D11-B3BF-837446937076}.Release|Any CPU.ActiveCfg = Release|Any CPU
		{344DC25C-7360-4D11-B3BF-837446937076}.Release|Any CPU.Build.0 = Release|Any CPU
		{075AED8F-5FC1-423B-8BF1-29BE4B1CF52B}.Debug|Any CPU.ActiveCfg = Debug|Any CPU
		{075AED8F-5FC1-423B-8BF1-29BE4B1CF52B}.Debug|Any CPU.Build.0 = Debug|Any CPU
		{075AED8F-5FC1-423B-8BF1-29BE4B1CF52B}.Release|Any CPU.ActiveCfg = Release|Any CPU
		{075AED8F-5FC1-423B-8BF1-29BE4B1CF52B}.Release|Any CPU.Build.0 = Release|Any CPU
		{05CDDFB0-A40B-4CD0-BF60-B3F64F840377}.Debug|Any CPU.ActiveCfg = Debug|Any CPU
		{05CDDFB0-A40B-4CD0-BF60-B3F64F840377}.Debug|Any CPU.Build.0 = Debug|Any CPU
		{05CDDFB0-A40B-4CD0-BF60-B3F64F840377}.Release|Any CPU.ActiveCfg = Release|Any CPU
		{05CDDFB0-A40B-4CD0-BF60-B3F64F840377}.Release|Any CPU.Build.0 = Release|Any CPU
		{33DF7DDB-C87C-49EF-9DF4-EEF505E0986B}.Debug|Any CPU.ActiveCfg = Debug|Any CPU
		{33DF7DDB-C87C-49EF-9DF4-EEF505E0986B}.Debug|Any CPU.Build.0 = Debug|Any CPU
		{33DF7DDB-C87C-49EF-9DF4-EEF505E0986B}.Release|Any CPU.ActiveCfg = Release|Any CPU
		{33DF7DDB-C87C-49EF-9DF4-EEF505E0986B}.Release|Any CPU.Build.0 = Release|Any CPU
		{98F0EF2A-4399-417C-B624-743D407D1885}.Debug|Any CPU.ActiveCfg = Debug|Any CPU
		{98F0EF2A-4399-417C-B624-743D407D1885}.Debug|Any CPU.Build.0 = Debug|Any CPU
		{98F0EF2A-4399-417C-B624-743D407D1885}.Release|Any CPU.ActiveCfg = Release|Any CPU
		{98F0EF2A-4399-417C-B624-743D407D1885}.Release|Any CPU.Build.0 = Release|Any CPU
		{E16F9EF7-00FE-47CD-BA0A-F1C4B46D7565}.Debug|Any CPU.ActiveCfg = Debug|Any CPU
		{E16F9EF7-00FE-47CD-BA0A-F1C4B46D7565}.Debug|Any CPU.Build.0 = Debug|Any CPU
		{E16F9EF7-00FE-47CD-BA0A-F1C4B46D7565}.Release|Any CPU.ActiveCfg = Release|Any CPU
		{E16F9EF7-00FE-47CD-BA0A-F1C4B46D7565}.Release|Any CPU.Build.0 = Release|Any CPU
		{7EF4ACE0-3517-4C22-9E4E-2F9293400D4A}.Debug|Any CPU.ActiveCfg = Debug|Any CPU
		{7EF4ACE0-3517-4C22-9E4E-2F9293400D4A}.Debug|Any CPU.Build.0 = Debug|Any CPU
		{7EF4ACE0-3517-4C22-9E4E-2F9293400D4A}.Release|Any CPU.ActiveCfg = Release|Any CPU
		{7EF4ACE0-3517-4C22-9E4E-2F9293400D4A}.Release|Any CPU.Build.0 = Release|Any CPU
		{DB02FA02-59B6-46DA-A291-935D43C3B381}.Debug|Any CPU.ActiveCfg = Debug|Any CPU
		{DB02FA02-59B6-46DA-A291-935D43C3B381}.Debug|Any CPU.Build.0 = Debug|Any CPU
		{DB02FA02-59B6-46DA-A291-935D43C3B381}.Release|Any CPU.ActiveCfg = Release|Any CPU
		{DB02FA02-59B6-46DA-A291-935D43C3B381}.Release|Any CPU.Build.0 = Release|Any CPU
		{2287D46C-3D1A-4948-BE63-14C0758200C1}.Debug|Any CPU.ActiveCfg = Debug|Any CPU
		{2287D46C-3D1A-4948-BE63-14C0758200C1}.Debug|Any CPU.Build.0 = Debug|Any CPU
		{2287D46C-3D1A-4948-BE63-14C0758200C1}.Release|Any CPU.ActiveCfg = Release|Any CPU
		{2287D46C-3D1A-4948-BE63-14C0758200C1}.Release|Any CPU.Build.0 = Release|Any CPU
		{23B3D575-B275-42EE-9B40-516FA02B7F95}.Debug|Any CPU.ActiveCfg = Debug|Any CPU
		{23B3D575-B275-42EE-9B40-516FA02B7F95}.Debug|Any CPU.Build.0 = Debug|Any CPU
		{23B3D575-B275-42EE-9B40-516FA02B7F95}.Release|Any CPU.ActiveCfg = Release|Any CPU
		{23B3D575-B275-42EE-9B40-516FA02B7F95}.Release|Any CPU.Build.0 = Release|Any CPU
		{EF58FEB8-5C09-4A96-BE07-41F8B6049D1D}.Debug|Any CPU.ActiveCfg = Debug|Any CPU
		{EF58FEB8-5C09-4A96-BE07-41F8B6049D1D}.Debug|Any CPU.Build.0 = Debug|Any CPU
		{EF58FEB8-5C09-4A96-BE07-41F8B6049D1D}.Release|Any CPU.ActiveCfg = Release|Any CPU
		{EF58FEB8-5C09-4A96-BE07-41F8B6049D1D}.Release|Any CPU.Build.0 = Release|Any CPU
		{07B5331C-885A-45FD-A4FA-5C909B3994AE}.Debug|Any CPU.ActiveCfg = Debug|Any CPU
		{07B5331C-885A-45FD-A4FA-5C909B3994AE}.Debug|Any CPU.Build.0 = Debug|Any CPU
		{07B5331C-885A-45FD-A4FA-5C909B3994AE}.Release|Any CPU.ActiveCfg = Release|Any CPU
		{07B5331C-885A-45FD-A4FA-5C909B3994AE}.Release|Any CPU.Build.0 = Release|Any CPU
		{15293147-AB68-4047-8507-5C2988101967}.Debug|Any CPU.ActiveCfg = Debug|Any CPU
		{15293147-AB68-4047-8507-5C2988101967}.Debug|Any CPU.Build.0 = Debug|Any CPU
		{15293147-AB68-4047-8507-5C2988101967}.Release|Any CPU.ActiveCfg = Release|Any CPU
		{15293147-AB68-4047-8507-5C2988101967}.Release|Any CPU.Build.0 = Release|Any CPU
		{DD05C323-A321-47E3-9C3D-19C1D4451440}.Debug|Any CPU.ActiveCfg = Debug|Any CPU
		{DD05C323-A321-47E3-9C3D-19C1D4451440}.Debug|Any CPU.Build.0 = Debug|Any CPU
		{DD05C323-A321-47E3-9C3D-19C1D4451440}.Release|Any CPU.ActiveCfg = Release|Any CPU
		{DD05C323-A321-47E3-9C3D-19C1D4451440}.Release|Any CPU.Build.0 = Release|Any CPU
		{1DD17A04-6529-4318-8A12-08C0E400CCF1}.Debug|Any CPU.ActiveCfg = Debug|Any CPU
		{1DD17A04-6529-4318-8A12-08C0E400CCF1}.Debug|Any CPU.Build.0 = Debug|Any CPU
		{1DD17A04-6529-4318-8A12-08C0E400CCF1}.Release|Any CPU.ActiveCfg = Release|Any CPU
		{1DD17A04-6529-4318-8A12-08C0E400CCF1}.Release|Any CPU.Build.0 = Release|Any CPU
		{2A34D3F0-12BC-4D88-9014-917C64F8C68A}.Debug|Any CPU.ActiveCfg = Debug|Any CPU
		{2A34D3F0-12BC-4D88-9014-917C64F8C68A}.Debug|Any CPU.Build.0 = Debug|Any CPU
		{2A34D3F0-12BC-4D88-9014-917C64F8C68A}.Release|Any CPU.ActiveCfg = Release|Any CPU
		{2A34D3F0-12BC-4D88-9014-917C64F8C68A}.Release|Any CPU.Build.0 = Release|Any CPU
		{C7FA6DE9-8AD4-4F72-A80B-19C3E06E8C59}.Debug|Any CPU.ActiveCfg = Debug|Any CPU
		{C7FA6DE9-8AD4-4F72-A80B-19C3E06E8C59}.Debug|Any CPU.Build.0 = Debug|Any CPU
		{C7FA6DE9-8AD4-4F72-A80B-19C3E06E8C59}.Release|Any CPU.ActiveCfg = Release|Any CPU
		{C7FA6DE9-8AD4-4F72-A80B-19C3E06E8C59}.Release|Any CPU.Build.0 = Release|Any CPU
	EndGlobalSection
EndGlobal
