
Microsoft Visual Studio Solution File, Format Version 12.00
Project("{2150E333-8FDC-42A3-9474-1A3956D46DE8}") = "src", "src", "{4DB255EE-857F-4772-A427-B1FB7C5C73C7}"
EndProject
Project("{2150E333-8FDC-42A3-9474-1A3956D46DE8}") = "Infrastructure", "Infrastructure", "{495200F9-2EF9-404F-9220-7DBEA311F038}"
EndProject
Project("{2150E333-8FDC-42A3-9474-1A3956D46DE8}") = "Modules", "Modules", "{D3315BE7-8948-4009-B1CD-7E926584297B}"
EndProject
Project("{2150E333-8FDC-42A3-9474-1A3956D46DE8}") = "Shared", "Shared", "{23D97AF7-96F3-49EC-BFE2-CCE1B738FCEE}"
EndProject
Project("{2150E333-8FDC-42A3-9474-1A3956D46DE8}") = "tests", "tests", "{775CE607-1412-4AB7-AC27-6F5983ED2197}"
EndProject
Project("{FAE04EC0-301F-11D3-BF4B-00C04F79EFBC}") = "ModularMonolith.CategoryManagement.Domain", "src\Modules\CategoryManagement\ModularMonolith.CategoryManagement.Domain\ModularMonolith.CategoryManagement.Domain.csproj", "{BBAF6E32-FA5F-4916-9F22-AD58F95D2992}"
EndProject
Project("{2150E333-8FDC-42A3-9474-1A3956D46DE8}") = "CategoryManagement", "CategoryManagement", "{2E2598B1-7339-4E03-B452-7B9AF9937631}"
EndProject
Project("{FAE04EC0-301F-11D3-BF4B-00C04F79EFBC}") = "ModularMonolith.CategoryManagement.Application", "src\Modules\CategoryManagement\ModularMonolith.CategoryManagement.Application\ModularMonolith.CategoryManagement.Application.csproj", "{EF8EF229-E23A-43C3-BA6B-28C04E909485}"
EndProject
Project("{2150E333-8FDC-42A3-9474-1A3956D46DE8}") = "Shared", "Shared", "{282304E4-D50F-4AB3-8699-7CD18964EBF0}"
EndProject
Project("{FAE04EC0-301F-11D3-BF4B-00C04F79EFBC}") = "ModularMonolith.Shared.Infrastructure.IntegrationTests", "tests\Shared\ModularMonolith.Shared.Infrastructure.IntegrationTests\ModularMonolith.Shared.Infrastructure.IntegrationTests.csproj", "{8E1275C1-1A62-4CD0-96D9-B650AEE1E34B}"
EndProject
Project("{FAE04EC0-301F-11D3-BF4B-00C04F79EFBC}") = "ModularMonolith.CategoryManagement.Contracts", "src\Modules\CategoryManagement\ModularMonolith.CategoryManagement.Contracts\ModularMonolith.CategoryManagement.Contracts.csproj", "{344DC25C-7360-4D11-B3BF-837446937076}"
EndProject
Project("{FAE04EC0-301F-11D3-BF4B-00C04F79EFBC}") = "ModularMonolith.CategoryManagement.Infrastructure", "src\Modules\CategoryManagement\ModularMonolith.CategoryManagement.Infrastructure\ModularMonolith.CategoryManagement.Infrastructure.csproj", "{075AED8F-5FC1-423B-8BF1-29BE4B1CF52B}"
EndProject
Project("{FAE04EC0-301F-11D3-BF4B-00C04F79EFBC}") = "ModularMonolith.CategoryManagement.RestApi", "src\Modules\CategoryManagement\ModularMonolith.CategoryManagement.RestApi\ModularMonolith.CategoryManagement.RestApi.csproj", "{05CDDFB0-A40B-4CD0-BF60-B3F64F840377}"
EndProject
Project("{2150E333-8FDC-42A3-9474-1A3956D46DE8}") = "Modules", "Modules", "{4A7E2C58-0F4B-4084-8C03-204B8F58EAE7}"
EndProject
Project("{2150E333-8FDC-42A3-9474-1A3956D46DE8}") = "CategoryManagement", "CategoryManagement", "{AB6EC38A-288E-4BB3-AD7E-2E652B04A145}"
EndProject
Project("{FAE04EC0-301F-11D3-BF4B-00C04F79EFBC}") = "ModularMonolith.CategoryManagement.Application.UnitTests", "tests\Modules\CategoryManagement\ModularMonolith.CategoryManagement.Application.UnitTests\ModularMonolith.CategoryManagement.Application.UnitTests.csproj", "{33DF7DDB-C87C-49EF-9DF4-EEF505E0986B}"
EndProject
Project("{2150E333-8FDC-42A3-9474-1A3956D46DE8}") = "tools", "tools", "{B93D64D5-80C4-48EB-B938-10E66BA5A7E0}"
EndProject
Project("{2150E333-8FDC-42A3-9474-1A3956D46DE8}") = "Scripts", "Scripts", "{1655472A-29C3-48F2-B5CA-228591A3D3FA}"
	ProjectSection(SolutionItems) = preProject
		tools\Scripts\seed-database.sql = tools\Scripts\seed-database.sql
	EndProjectSection
EndProject
Project("{2150E333-8FDC-42A3-9474-1A3956D46DE8}") = "Identity", "Identity", "{FAC7DF74-47D5-4F61-8446-5940C54A2BBE}"
EndProject
Project("{FAE04EC0-301F-11D3-BF4B-00C04F79EFBC}") = "ModularMonolith.Identity.Domain", "src\Modules\Identity\ModularMonolith.Identity.Domain\ModularMonolith.Identity.Domain.csproj", "{7EF4ACE0-3517-4C22-9E4E-2F9293400D4A}"
EndProject
Project("{FAE04EC0-301F-11D3-BF4B-00C04F79EFBC}") = "ModularMonolith.Identity.Contracts", "src\Modules\Identity\ModularMonolith.Identity.Contracts\ModularMonolith.Identity.Contracts.csproj", "{DB02FA02-59B6-46DA-A291-935D43C3B381}"
EndProject
Project("{FAE04EC0-301F-11D3-BF4B-00C04F79EFBC}") = "ModularMonolith.Identity.Application", "src\Modules\Identity\ModularMonolith.Identity.Application\ModularMonolith.Identity.Application.csproj", "{2287D46C-3D1A-4948-BE63-14C0758200C1}"
EndProject
Project("{FAE04EC0-301F-11D3-BF4B-00C04F79EFBC}") = "ModularMonolith.Identity.Infrastructure", "src\Modules\Identity\ModularMonolith.Identity.Infrastructure\ModularMonolith.Identity.Infrastructure.csproj", "{23B3D575-B275-42EE-9B40-516FA02B7F95}"
EndProject
Project("{FAE04EC0-301F-11D3-BF4B-00C04F79EFBC}") = "ModularMonolith.Identity.RestApi", "src\Modules\Identity\ModularMonolith.Identity.RestApi\ModularMonolith.Identity.RestApi.csproj", "{07B5331C-885A-45FD-A4FA-5C909B3994AE}"
EndProject
Project("{FAE04EC0-301F-11D3-BF4B-00C04F79EFBC}") = "ModularMonolith.Identity.Core", "src\Modules\Identity\ModularMonolith.Identity.Core\ModularMonolith.Identity.Core.csproj", "{15293147-AB68-4047-8507-5C2988101967}"
EndProject
Project("{2150E333-8FDC-42A3-9474-1A3956D46DE8}") = "Identity", "Identity", "{F82F4EB8-6621-40EB-A59D-A02B6834B214}"
EndProject
Project("{FAE04EC0-301F-11D3-BF4B-00C04F79EFBC}") = "ModularMonolith.Identity.Application.UnitTests", "tests\Modules\Identity\ModularMonolith.Identity.Application.UnitTests\ModularMonolith.Identity.Application.UnitTests.csproj", "{DD05C323-A321-47E3-9C3D-19C1D4451440}"
EndProject
Project("{FAE04EC0-301F-11D3-BF4B-00C04F79EFBC}") = "ModularMonolith.CategoryManagement.Api.IntegrationTests", "tests\Modules\CategoryManagement\ModularMonolith.CategoryManagement.Api.IntegrationTests\ModularMonolith.CategoryManagement.Api.IntegrationTests.csproj", "{1DD17A04-6529-4318-8A12-08C0E400CCF1}"
EndProject
Project("{FAE04EC0-301F-11D3-BF4B-00C04F79EFBC}") = "ModularMonolith.Identity.Api.IntegrationTests", "tests\Modules\Identity\ModularMonolith.Identity.Api.IntegrationTests\ModularMonolith.Identity.Api.IntegrationTests.csproj", "{0E971086-079B-4BFF-B6FA-5693BB902454}"
EndProject
Project("{FAE04EC0-301F-11D3-BF4B-00C04F79EFBC}") = "ModularMonolith.Shared.ArchitectureTests", "tests\Shared\ModularMonolith.Shared.ArchitectureTests\ModularMonolith.Shared.ArchitectureTests.csproj", "{CD85F9EC-F187-4859-A9DB-9832C46DB8F8}"
EndProject
Project("{2150E333-8FDC-42A3-9474-1A3956D46DE8}") = "Startup", "Startup", "{D1ADAFDE-DA2C-4A16-8AC9-F4F9D61C68E4}"
EndProject
Project("{FAE04EC0-301F-11D3-BF4B-00C04F79EFBC}") = "ModularMonolith.Startup.RestApi", "src\Startup\ModularMonolith.Startup.RestApi\ModularMonolith.Startup.RestApi.csproj", "{39FB8A53-1FEA-4E3E-932D-B20470CB7C72}"
EndProject
Project("{FAE04EC0-301F-11D3-BF4B-00C04F79EFBC}") = "ModularMonolith.Startup.BackgroundServices", "src\Startup\ModularMonolith.Startup.BackgroundServices\ModularMonolith.Startup.BackgroundServices.csproj", "{B424D8C9-1CED-47B1-B9D0-8382F64ED47A}"
EndProject
Project("{2150E333-8FDC-42A3-9474-1A3956D46DE8}") = "DataAccess", "DataAccess", "{BE90A33A-C3AE-419D-810D-9E30314D1004}"
EndProject
Project("{2150E333-8FDC-42A3-9474-1A3956D46DE8}") = "Messaging", "Messaging", "{6FCA4809-9F62-4A15-8C76-F1472AC91749}"
EndProject
Project("{2150E333-8FDC-42A3-9474-1A3956D46DE8}") = "Common", "Common", "{2F7379A1-80C3-484B-B052-CD1E27C8B3C3}"
EndProject
Project("{2150E333-8FDC-42A3-9474-1A3956D46DE8}") = "Identity", "Identity", "{4CE69024-2761-4CE5-8CFF-D8A36070D85E}"
EndProject
Project("{2150E333-8FDC-42A3-9474-1A3956D46DE8}") = "Api", "Api", "{283A5F9F-E4BC-483E-915F-2B49716F9F1B}"
EndProject
Project("{2150E333-8FDC-42A3-9474-1A3956D46DE8}") = "Postgres", "Postgres", "{02D44651-EF01-4368-BA33-9E8A534210DA}"
EndProject
Project("{2150E333-8FDC-42A3-9474-1A3956D46DE8}") = "SqlServer", "SqlServer", "{2C1A8162-911B-430E-93BB-9975001E9996}"
EndProject
Project("{2150E333-8FDC-42A3-9474-1A3956D46DE8}") = "Common", "Common", "{FE218637-2EC8-4978-ADE4-68C1205A93B3}"
EndProject
Project("{FAE04EC0-301F-11D3-BF4B-00C04F79EFBC}") = "ModularMonolith.Shared.Messaging", "src\Shared\Messaging\ModularMonolith.Shared.Messaging\ModularMonolith.Shared.Messaging.csproj", "{9DB4D546-F00E-4DC5-875D-B85317E0DA7F}"
EndProject
Project("{2150E333-8FDC-42A3-9474-1A3956D46DE8}") = "Tracing", "Tracing", "{DEC15310-10CD-40DB-B91C-A86E0841D70E}"
EndProject
Project("{FAE04EC0-301F-11D3-BF4B-00C04F79EFBC}") = "ModularMonolith.Shared.DataAccess", "src\Shared\DataAccess\ModularMonolith.Shared.DataAccess\ModularMonolith.Shared.DataAccess.csproj", "{AB5D14E9-969D-4403-A3EF-997A12FE1E7A}"
EndProject
Project("{FAE04EC0-301F-11D3-BF4B-00C04F79EFBC}") = "ModularMonolith.Shared.DataAccess.EntityFramework", "src\Shared\DataAccess\ModularMonolith.Shared.DataAccess.EntityFramework\ModularMonolith.Shared.DataAccess.EntityFramework.csproj", "{320CAFD4-E9C9-4F33-9B23-1B29B583DE9E}"
EndProject
Project("{FAE04EC0-301F-11D3-BF4B-00C04F79EFBC}") = "ModularMonolith.Shared.DataAccess.EntityFramework.Postgres", "src\Shared\DataAccess\ModularMonolith.Shared.DataAccess.EntityFramework.Postgres\ModularMonolith.Shared.DataAccess.EntityFramework.Postgres.csproj", "{C9AF66EF-F555-43A5-8B38-5139E98B95B5}"
EndProject
Project("{FAE04EC0-301F-11D3-BF4B-00C04F79EFBC}") = "ModularMonolith.Shared.DataAccess.EntityFramework.SqlServer", "src\Shared\DataAccess\ModularMonolith.Shared.DataAccess.EntityFramework.SqlServer\ModularMonolith.Shared.DataAccess.EntityFramework.SqlServer.csproj", "{FFCBE4C0-ED2E-47A4-9962-44DF4E7C4641}"
EndProject
Project("{FAE04EC0-301F-11D3-BF4B-00C04F79EFBC}") = "ModularMonolith.Shared.Tracing", "src\Shared\Tracing\ModularMonolith.Shared.Tracing\ModularMonolith.Shared.Tracing.csproj", "{CAE61BEE-CB37-4B1A-9C5F-2A093E50EEC9}"
EndProject
Project("{FAE04EC0-301F-11D3-BF4B-00C04F79EFBC}") = "ModularMonolith.Shared.Identity", "src\Shared\Identity\ModularMonolith.Shared.Identity\ModularMonolith.Shared.Identity.csproj", "{F3D968C7-62D1-4DF1-B7F9-2F2A5D0D98B3}"
EndProject
Project("{FAE04EC0-301F-11D3-BF4B-00C04F79EFBC}") = "ModularMonolith.Shared.RestApi", "src\Shared\Api\ModularMonolith.Shared.RestApi\ModularMonolith.Shared.RestApi.csproj", "{BC6BAEC4-F4E9-481A-A5A4-2F4A38CE9C82}"
EndProject
Project("{FAE04EC0-301F-11D3-BF4B-00C04F79EFBC}") = "ModularMonolith.Shared.Contracts", "src\Shared\Common\ModularMonolith.Shared.Contracts\ModularMonolith.Shared.Contracts.csproj", "{914F2116-0F93-43F5-8E54-48465D9DF16A}"
EndProject
Project("{FAE04EC0-301F-11D3-BF4B-00C04F79EFBC}") = "ModularMonolith.Shared.Domain", "src\Shared\Common\ModularMonolith.Shared.Domain\ModularMonolith.Shared.Domain.csproj", "{E08F2874-8742-469A-BD2F-93D7900CDD43}"
EndProject
Project("{FAE04EC0-301F-11D3-BF4B-00C04F79EFBC}") = "ModularMonolith.Shared.Application", "src\Shared\Common\ModularMonolith.Shared.Application\ModularMonolith.Shared.Application.csproj", "{71BA5B7A-9435-4EA2-9D2E-F0413324943C}"
EndProject
Project("{FAE04EC0-301F-11D3-BF4B-00C04F79EFBC}") = "ModularMonolith.Shared.Events", "src\Shared\Common\ModularMonolith.Shared.Events\ModularMonolith.Shared.Events.csproj", "{C72AA315-7C89-4FAD-BB00-5E08CC47C18F}"
EndProject
Project("{FAE04EC0-301F-11D3-BF4B-00C04F79EFBC}") = "ModularMonolith.Infrastructure.DataAccess", "src\Infrastructure\Common\ModularMonolith.Infrastructure.DataAccess\ModularMonolith.Infrastructure.DataAccess.csproj", "{8D49F472-E0F7-4867-9DAC-D14C265AEE57}"
EndProject
Project("{FAE04EC0-301F-11D3-BF4B-00C04F79EFBC}") = "ModularMonolith.Infrastructure.DataAccess.Postgres", "src\Infrastructure\Postgres\ModularMonolith.Infrastructure.DataAccess.Postgres\ModularMonolith.Infrastructure.DataAccess.Postgres.csproj", "{4F4A3953-3A92-4954-BC3F-B5D72DF8366B}"
EndProject
Project("{FAE04EC0-301F-11D3-BF4B-00C04F79EFBC}") = "ModularMonolith.Infrastructure.Migrations.Postgres", "src\Infrastructure\Postgres\ModularMonolith.Infrastructure.Migrations.Postgres\ModularMonolith.Infrastructure.Migrations.Postgres.csproj", "{B35EB831-7539-4FBE-A039-7BC9F047491E}"
EndProject
Project("{FAE04EC0-301F-11D3-BF4B-00C04F79EFBC}") = "ModularMonolith.Infrastructure.Migrations.SqlServer", "src\Infrastructure\SqlServer\ModularMonolith.Infrastructure.Migrations.SqlServer\ModularMonolith.Infrastructure.Migrations.SqlServer.csproj", "{BDAB7348-639B-4223-8E65-A7BA34AD31CC}"
EndProject
Project("{FAE04EC0-301F-11D3-BF4B-00C04F79EFBC}") = "ModularMonolith.Shared.Messaging.MassTransit", "src\Shared\Messaging\ModularMonolith.Shared.Messaging.MassTransit\ModularMonolith.Shared.Messaging.MassTransit.csproj", "{5703FE01-295A-43FE-B95A-F8E9DF860DCF}"
EndProject
Project("{2150E333-8FDC-42A3-9474-1A3956D46DE8}") = "DataAccess", "DataAccess", "{C4491749-58FA-47D8-8CFF-EBCB2D7BF7F4}"
EndProject
Project("{FAE04EC0-301F-11D3-BF4B-00C04F79EFBC}") = "ModularMonolith.Shared.DataAccess.EntityFramework.Postgres.IntegrationTests", "tests\Shared\DataAccess\ModularMonolith.Shared.DataAccess.EntityFramework.Postgres.IntegrationTests\ModularMonolith.Shared.DataAccess.EntityFramework.Postgres.IntegrationTests.csproj", "{E06F6124-4026-43CD-8EC4-A71039F089CB}"
EndProject
Project("{FAE04EC0-301F-11D3-BF4B-00C04F79EFBC}") = "ModularMonolith.Shared.DataAccess.EntityFramework.SqlServer.IntegrationTests", "tests\Shared\DataAccess\ModularMonolith.Shared.DataAccess.EntityFramework.SqlServer.IntegrationTests\ModularMonolith.Shared.DataAccess.EntityFramework.SqlServer.IntegrationTests.csproj", "{6BCB3691-D364-4D1B-8EAD-F1203E4C2191}"
EndProject
Project("{FAE04EC0-301F-11D3-BF4B-00C04F79EFBC}") = "ModularMonolith.Infrastructure.Messaging", "src\Infrastructure\Common\ModularMonolith.Infrastructure.Messaging\ModularMonolith.Infrastructure.Messaging.csproj", "{79C3FBC7-C3CD-40DC-8432-1C705310767A}"
EndProject
Project("{FAE04EC0-301F-11D3-BF4B-00C04F79EFBC}") = "ModularMonolith.Infrastructure.DataAccess.SqlServer", "src\Infrastructure\SqlServer\ModularMonolith.Infrastructure.DataAccess.SqlServer\ModularMonolith.Infrastructure.DataAccess.SqlServer.csproj", "{9FA16DA8-F4C0-4A54-AD1D-2E981EA5508B}"
EndProject
Project("{2150E333-8FDC-42A3-9474-1A3956D46DE8}") = "RabbitMQ", "RabbitMQ", "{983C6D69-D9C6-4A7F-BDEA-FF2DD8E83AC7}"
EndProject
Project("{2150E333-8FDC-42A3-9474-1A3956D46DE8}") = "Kafka", "Kafka", "{CC6B6865-C16F-4D1A-AA05-2386046C752C}"
EndProject
Project("{FAE04EC0-301F-11D3-BF4B-00C04F79EFBC}") = "ModularMonolith.Infrastructure.Messaging.RabbitMQ", "src\Infrastructure\RabbitMQ\ModularMonolith.Infrastructure.Messaging.RabbitMQ\ModularMonolith.Infrastructure.Messaging.RabbitMQ.csproj", "{835837E7-F406-4F56-8B97-67F553999E4F}"
EndProject
Project("{FAE04EC0-301F-11D3-BF4B-00C04F79EFBC}") = "ModularMonolith.Infrastructure.Messaging.Postgres", "src\Infrastructure\Postgres\ModularMonolith.Infrastructure.Messaging.Postgres\ModularMonolith.Infrastructure.Messaging.Postgres.csproj", "{2E41BA96-FB9C-4A78-9D7E-9BD4524EA39F}"
EndProject
Project("{2150E333-8FDC-42A3-9474-1A3956D46DE8}") = "Utils", "Utils", "{3482BBFA-D462-4DDB-B1F2-88FC61E84E3E}"
EndProject
Project("{FAE04EC0-301F-11D3-BF4B-00C04F79EFBC}") = "ModularMonolith.Tests.Utils", "tests\Utils\ModularMonolith.Tests.Utils\ModularMonolith.Tests.Utils.csproj", "{74C2E618-B817-4114-812F-961F6D124910}"
EndProject
Project("{FAE04EC0-301F-11D3-BF4B-00C04F79EFBC}") = "ModularMonolith.Tests.Utils.RabbitMQ", "tests\Utils\ModularMonolith.Tests.Utils.RabbitMQ\ModularMonolith.Tests.Utils.RabbitMQ.csproj", "{7FB0D5A2-E12C-4D12-893B-7F1778661E3E}"
EndProject
Project("{FAE04EC0-301F-11D3-BF4B-00C04F79EFBC}") = "ModularMonolith.Tests.Utils.Kafka", "tests\Utils\ModularMonolith.Tests.Utils.Kafka\ModularMonolith.Tests.Utils.Kafka.csproj", "{B12F594B-C14A-41FA-95E5-45F99051D1D2}"
EndProject
Project("{FAE04EC0-301F-11D3-BF4B-00C04F79EFBC}") = "ModularMonolith.Tests.Utils.SqlServer", "tests\Utils\ModularMonolith.Tests.Utils.SqlServer\ModularMonolith.Tests.Utils.SqlServer.csproj", "{AB977078-66A0-4176-9DF1-9E6E9B5C0D35}"
EndProject
Project("{2150E333-8FDC-42A3-9474-1A3956D46DE8}") = "Identity", "Identity", "{7971C098-E5B0-4AD0-8C7C-A260CAC7F280}"
EndProject
Project("{FAE04EC0-301F-11D3-BF4B-00C04F79EFBC}") = "ModularMonolith.Shared.Identity.UnitTests", "tests\Shared\ModularMonolith.Shared.Identity.UnitTests\ModularMonolith.Shared.Identity.UnitTests.csproj", "{72BA31D8-3BD5-43B3-BEB9-42C913891010}"
EndProject
Project("{FAE04EC0-301F-11D3-BF4B-00C04F79EFBC}") = "ModularMonolith.Infrastructure.Messaging.Kafka", "src\Infrastructure\Kafka\ModularMonolith.Infrastructure.Messaging.Kafka\ModularMonolith.Infrastructure.Messaging.Kafka.csproj", "{DF60D8A1-FC70-4FF1-83B3-6EC31E4D1579}"
EndProject
Project("{2150E333-8FDC-42A3-9474-1A3956D46DE8}") = "http", "http", "{C9B9D367-679A-414F-8BFB-415815F03FBE}"
	ProjectSection(SolutionItems) = preProject
		tools\http\category-management-categories.http = tools\http\category-management-categories.http
		tools\http\identity-account.http = tools\http\identity-account.http
		tools\http\http-client.env.json = tools\http\http-client.env.json
	EndProjectSection
EndProject
Project("{FAE04EC0-301F-11D3-BF4B-00C04F79EFBC}") = "ModularMonolith.Shared.Infrastructure", "src\Shared\Common\ModularMonolith.Shared.Infrastructure\ModularMonolith.Shared.Infrastructure.csproj", "{B9942716-BDAD-4097-8934-84FF64DA3AF2}"
EndProject
Project("{FAE04EC0-301F-11D3-BF4B-00C04F79EFBC}") = "ModularMonolith.Infrastructure.Messaging.SqlServer", "src\Infrastructure\SqlServer\ModularMonolith.Infrastructure.Messaging.SqlServer\ModularMonolith.Infrastructure.Messaging.SqlServer.csproj", "{38086A76-174B-4810-AE60-EE01D69DA732}"
EndProject
Global
	GlobalSection(SolutionConfigurationPlatforms) = preSolution
		Debug|Any CPU = Debug|Any CPU
		Release|Any CPU = Release|Any CPU
	EndGlobalSection
	GlobalSection(NestedProjects) = preSolution
		{495200F9-2EF9-404F-9220-7DBEA311F038} = {4DB255EE-857F-4772-A427-B1FB7C5C73C7}
		{D3315BE7-8948-4009-B1CD-7E926584297B} = {4DB255EE-857F-4772-A427-B1FB7C5C73C7}
		{23D97AF7-96F3-49EC-BFE2-CCE1B738FCEE} = {4DB255EE-857F-4772-A427-B1FB7C5C73C7}
		{2E2598B1-7339-4E03-B452-7B9AF9937631} = {D3315BE7-8948-4009-B1CD-7E926584297B}
		{BBAF6E32-FA5F-4916-9F22-AD58F95D2992} = {2E2598B1-7339-4E03-B452-7B9AF9937631}
		{EF8EF229-E23A-43C3-BA6B-28C04E909485} = {2E2598B1-7339-4E03-B452-7B9AF9937631}
		{282304E4-D50F-4AB3-8699-7CD18964EBF0} = {775CE607-1412-4AB7-AC27-6F5983ED2197}
		{8E1275C1-1A62-4CD0-96D9-B650AEE1E34B} = {282304E4-D50F-4AB3-8699-7CD18964EBF0}
		{344DC25C-7360-4D11-B3BF-837446937076} = {2E2598B1-7339-4E03-B452-7B9AF9937631}
		{075AED8F-5FC1-423B-8BF1-29BE4B1CF52B} = {2E2598B1-7339-4E03-B452-7B9AF9937631}
		{05CDDFB0-A40B-4CD0-BF60-B3F64F840377} = {2E2598B1-7339-4E03-B452-7B9AF9937631}
		{4A7E2C58-0F4B-4084-8C03-204B8F58EAE7} = {775CE607-1412-4AB7-AC27-6F5983ED2197}
		{AB6EC38A-288E-4BB3-AD7E-2E652B04A145} = {4A7E2C58-0F4B-4084-8C03-204B8F58EAE7}
		{33DF7DDB-C87C-49EF-9DF4-EEF505E0986B} = {AB6EC38A-288E-4BB3-AD7E-2E652B04A145}
		{1655472A-29C3-48F2-B5CA-228591A3D3FA} = {B93D64D5-80C4-48EB-B938-10E66BA5A7E0}
		{FAC7DF74-47D5-4F61-8446-5940C54A2BBE} = {D3315BE7-8948-4009-B1CD-7E926584297B}
		{7EF4ACE0-3517-4C22-9E4E-2F9293400D4A} = {FAC7DF74-47D5-4F61-8446-5940C54A2BBE}
		{DB02FA02-59B6-46DA-A291-935D43C3B381} = {FAC7DF74-47D5-4F61-8446-5940C54A2BBE}
		{2287D46C-3D1A-4948-BE63-14C0758200C1} = {FAC7DF74-47D5-4F61-8446-5940C54A2BBE}
		{23B3D575-B275-42EE-9B40-516FA02B7F95} = {FAC7DF74-47D5-4F61-8446-5940C54A2BBE}
		{07B5331C-885A-45FD-A4FA-5C909B3994AE} = {FAC7DF74-47D5-4F61-8446-5940C54A2BBE}
		{15293147-AB68-4047-8507-5C2988101967} = {FAC7DF74-47D5-4F61-8446-5940C54A2BBE}
		{F82F4EB8-6621-40EB-A59D-A02B6834B214} = {4A7E2C58-0F4B-4084-8C03-204B8F58EAE7}
		{DD05C323-A321-47E3-9C3D-19C1D4451440} = {F82F4EB8-6621-40EB-A59D-A02B6834B214}
		{1DD17A04-6529-4318-8A12-08C0E400CCF1} = {AB6EC38A-288E-4BB3-AD7E-2E652B04A145}
		{0E971086-079B-4BFF-B6FA-5693BB902454} = {F82F4EB8-6621-40EB-A59D-A02B6834B214}
		{CD85F9EC-F187-4859-A9DB-9832C46DB8F8} = {282304E4-D50F-4AB3-8699-7CD18964EBF0}
		{D1ADAFDE-DA2C-4A16-8AC9-F4F9D61C68E4} = {4DB255EE-857F-4772-A427-B1FB7C5C73C7}
		{39FB8A53-1FEA-4E3E-932D-B20470CB7C72} = {D1ADAFDE-DA2C-4A16-8AC9-F4F9D61C68E4}
		{B424D8C9-1CED-47B1-B9D0-8382F64ED47A} = {D1ADAFDE-DA2C-4A16-8AC9-F4F9D61C68E4}
		{BE90A33A-C3AE-419D-810D-9E30314D1004} = {23D97AF7-96F3-49EC-BFE2-CCE1B738FCEE}
		{6FCA4809-9F62-4A15-8C76-F1472AC91749} = {23D97AF7-96F3-49EC-BFE2-CCE1B738FCEE}
		{2F7379A1-80C3-484B-B052-CD1E27C8B3C3} = {23D97AF7-96F3-49EC-BFE2-CCE1B738FCEE}
		{4CE69024-2761-4CE5-8CFF-D8A36070D85E} = {23D97AF7-96F3-49EC-BFE2-CCE1B738FCEE}
		{283A5F9F-E4BC-483E-915F-2B49716F9F1B} = {23D97AF7-96F3-49EC-BFE2-CCE1B738FCEE}
		{02D44651-EF01-4368-BA33-9E8A534210DA} = {495200F9-2EF9-404F-9220-7DBEA311F038}
		{2C1A8162-911B-430E-93BB-9975001E9996} = {495200F9-2EF9-404F-9220-7DBEA311F038}
		{FE218637-2EC8-4978-ADE4-68C1205A93B3} = {495200F9-2EF9-404F-9220-7DBEA311F038}
		{9DB4D546-F00E-4DC5-875D-B85317E0DA7F} = {6FCA4809-9F62-4A15-8C76-F1472AC91749}
		{DEC15310-10CD-40DB-B91C-A86E0841D70E} = {23D97AF7-96F3-49EC-BFE2-CCE1B738FCEE}
		{AB5D14E9-969D-4403-A3EF-997A12FE1E7A} = {BE90A33A-C3AE-419D-810D-9E30314D1004}
		{320CAFD4-E9C9-4F33-9B23-1B29B583DE9E} = {BE90A33A-C3AE-419D-810D-9E30314D1004}
		{C9AF66EF-F555-43A5-8B38-5139E98B95B5} = {BE90A33A-C3AE-419D-810D-9E30314D1004}
		{FFCBE4C0-ED2E-47A4-9962-44DF4E7C4641} = {BE90A33A-C3AE-419D-810D-9E30314D1004}
		{CAE61BEE-CB37-4B1A-9C5F-2A093E50EEC9} = {DEC15310-10CD-40DB-B91C-A86E0841D70E}
		{F3D968C7-62D1-4DF1-B7F9-2F2A5D0D98B3} = {4CE69024-2761-4CE5-8CFF-D8A36070D85E}
		{BC6BAEC4-F4E9-481A-A5A4-2F4A38CE9C82} = {283A5F9F-E4BC-483E-915F-2B49716F9F1B}
		{914F2116-0F93-43F5-8E54-48465D9DF16A} = {2F7379A1-80C3-484B-B052-CD1E27C8B3C3}
		{E08F2874-8742-469A-BD2F-93D7900CDD43} = {2F7379A1-80C3-484B-B052-CD1E27C8B3C3}
		{71BA5B7A-9435-4EA2-9D2E-F0413324943C} = {2F7379A1-80C3-484B-B052-CD1E27C8B3C3}
		{C72AA315-7C89-4FAD-BB00-5E08CC47C18F} = {2F7379A1-80C3-484B-B052-CD1E27C8B3C3}
		{8D49F472-E0F7-4867-9DAC-D14C265AEE57} = {FE218637-2EC8-4978-ADE4-68C1205A93B3}
		{4F4A3953-3A92-4954-BC3F-B5D72DF8366B} = {02D44651-EF01-4368-BA33-9E8A534210DA}
		{B35EB831-7539-4FBE-A039-7BC9F047491E} = {02D44651-EF01-4368-BA33-9E8A534210DA}
		{BDAB7348-639B-4223-8E65-A7BA34AD31CC} = {2C1A8162-911B-430E-93BB-9975001E9996}
		{5703FE01-295A-43FE-B95A-F8E9DF860DCF} = {6FCA4809-9F62-4A15-8C76-F1472AC91749}
		{C4491749-58FA-47D8-8CFF-EBCB2D7BF7F4} = {282304E4-D50F-4AB3-8699-7CD18964EBF0}
		{E06F6124-4026-43CD-8EC4-A71039F089CB} = {C4491749-58FA-47D8-8CFF-EBCB2D7BF7F4}
		{6BCB3691-D364-4D1B-8EAD-F1203E4C2191} = {C4491749-58FA-47D8-8CFF-EBCB2D7BF7F4}
		{79C3FBC7-C3CD-40DC-8432-1C705310767A} = {FE218637-2EC8-4978-ADE4-68C1205A93B3}
		{9FA16DA8-F4C0-4A54-AD1D-2E981EA5508B} = {2C1A8162-911B-430E-93BB-9975001E9996}
		{983C6D69-D9C6-4A7F-BDEA-FF2DD8E83AC7} = {495200F9-2EF9-404F-9220-7DBEA311F038}
		{CC6B6865-C16F-4D1A-AA05-2386046C752C} = {495200F9-2EF9-404F-9220-7DBEA311F038}
		{835837E7-F406-4F56-8B97-67F553999E4F} = {983C6D69-D9C6-4A7F-BDEA-FF2DD8E83AC7}
		{2E41BA96-FB9C-4A78-9D7E-9BD4524EA39F} = {02D44651-EF01-4368-BA33-9E8A534210DA}
		{3482BBFA-D462-4DDB-B1F2-88FC61E84E3E} = {775CE607-1412-4AB7-AC27-6F5983ED2197}
		{74C2E618-B817-4114-812F-961F6D124910} = {3482BBFA-D462-4DDB-B1F2-88FC61E84E3E}
		{7FB0D5A2-E12C-4D12-893B-7F1778661E3E} = {3482BBFA-D462-4DDB-B1F2-88FC61E84E3E}
		{B12F594B-C14A-41FA-95E5-45F99051D1D2} = {3482BBFA-D462-4DDB-B1F2-88FC61E84E3E}
		{AB977078-66A0-4176-9DF1-9E6E9B5C0D35} = {3482BBFA-D462-4DDB-B1F2-88FC61E84E3E}
		{7971C098-E5B0-4AD0-8C7C-A260CAC7F280} = {282304E4-D50F-4AB3-8699-7CD18964EBF0}
		{72BA31D8-3BD5-43B3-BEB9-42C913891010} = {7971C098-E5B0-4AD0-8C7C-A260CAC7F280}
		{DF60D8A1-FC70-4FF1-83B3-6EC31E4D1579} = {CC6B6865-C16F-4D1A-AA05-2386046C752C}
		{C9B9D367-679A-414F-8BFB-415815F03FBE} = {B93D64D5-80C4-48EB-B938-10E66BA5A7E0}
		{B9942716-BDAD-4097-8934-84FF64DA3AF2} = {2F7379A1-80C3-484B-B052-CD1E27C8B3C3}
		{38086A76-174B-4810-AE60-EE01D69DA732} = {2C1A8162-911B-430E-93BB-9975001E9996}
	EndGlobalSection
	GlobalSection(ProjectConfigurationPlatforms) = postSolution
		{BBAF6E32-FA5F-4916-9F22-AD58F95D2992}.Debug|Any CPU.ActiveCfg = Debug|Any CPU
		{BBAF6E32-FA5F-4916-9F22-AD58F95D2992}.Debug|Any CPU.Build.0 = Debug|Any CPU
		{BBAF6E32-FA5F-4916-9F22-AD58F95D2992}.Release|Any CPU.ActiveCfg = Release|Any CPU
		{BBAF6E32-FA5F-4916-9F22-AD58F95D2992}.Release|Any CPU.Build.0 = Release|Any CPU
		{EF8EF229-E23A-43C3-BA6B-28C04E909485}.Debug|Any CPU.ActiveCfg = Debug|Any CPU
		{EF8EF229-E23A-43C3-BA6B-28C04E909485}.Debug|Any CPU.Build.0 = Debug|Any CPU
		{EF8EF229-E23A-43C3-BA6B-28C04E909485}.Release|Any CPU.ActiveCfg = Release|Any CPU
		{EF8EF229-E23A-43C3-BA6B-28C04E909485}.Release|Any CPU.Build.0 = Release|Any CPU
		{8E1275C1-1A62-4CD0-96D9-B650AEE1E34B}.Debug|Any CPU.ActiveCfg = Debug|Any CPU
		{8E1275C1-1A62-4CD0-96D9-B650AEE1E34B}.Debug|Any CPU.Build.0 = Debug|Any CPU
		{8E1275C1-1A62-4CD0-96D9-B650AEE1E34B}.Release|Any CPU.ActiveCfg = Release|Any CPU
		{8E1275C1-1A62-4CD0-96D9-B650AEE1E34B}.Release|Any CPU.Build.0 = Release|Any CPU
		{344DC25C-7360-4D11-B3BF-837446937076}.Debug|Any CPU.ActiveCfg = Debug|Any CPU
		{344DC25C-7360-4D11-B3BF-837446937076}.Debug|Any CPU.Build.0 = Debug|Any CPU
		{344DC25C-7360-4D11-B3BF-837446937076}.Release|Any CPU.ActiveCfg = Release|Any CPU
		{344DC25C-7360-4D11-B3BF-837446937076}.Release|Any CPU.Build.0 = Release|Any CPU
		{075AED8F-5FC1-423B-8BF1-29BE4B1CF52B}.Debug|Any CPU.ActiveCfg = Debug|Any CPU
		{075AED8F-5FC1-423B-8BF1-29BE4B1CF52B}.Debug|Any CPU.Build.0 = Debug|Any CPU
		{075AED8F-5FC1-423B-8BF1-29BE4B1CF52B}.Release|Any CPU.ActiveCfg = Release|Any CPU
		{075AED8F-5FC1-423B-8BF1-29BE4B1CF52B}.Release|Any CPU.Build.0 = Release|Any CPU
		{05CDDFB0-A40B-4CD0-BF60-B3F64F840377}.Debug|Any CPU.ActiveCfg = Debug|Any CPU
		{05CDDFB0-A40B-4CD0-BF60-B3F64F840377}.Debug|Any CPU.Build.0 = Debug|Any CPU
		{05CDDFB0-A40B-4CD0-BF60-B3F64F840377}.Release|Any CPU.ActiveCfg = Release|Any CPU
		{05CDDFB0-A40B-4CD0-BF60-B3F64F840377}.Release|Any CPU.Build.0 = Release|Any CPU
		{33DF7DDB-C87C-49EF-9DF4-EEF505E0986B}.Debug|Any CPU.ActiveCfg = Debug|Any CPU
		{33DF7DDB-C87C-49EF-9DF4-EEF505E0986B}.Debug|Any CPU.Build.0 = Debug|Any CPU
		{33DF7DDB-C87C-49EF-9DF4-EEF505E0986B}.Release|Any CPU.ActiveCfg = Release|Any CPU
		{33DF7DDB-C87C-49EF-9DF4-EEF505E0986B}.Release|Any CPU.Build.0 = Release|Any CPU
		{7EF4ACE0-3517-4C22-9E4E-2F9293400D4A}.Debug|Any CPU.ActiveCfg = Debug|Any CPU
		{7EF4ACE0-3517-4C22-9E4E-2F9293400D4A}.Debug|Any CPU.Build.0 = Debug|Any CPU
		{7EF4ACE0-3517-4C22-9E4E-2F9293400D4A}.Release|Any CPU.ActiveCfg = Release|Any CPU
		{7EF4ACE0-3517-4C22-9E4E-2F9293400D4A}.Release|Any CPU.Build.0 = Release|Any CPU
		{DB02FA02-59B6-46DA-A291-935D43C3B381}.Debug|Any CPU.ActiveCfg = Debug|Any CPU
		{DB02FA02-59B6-46DA-A291-935D43C3B381}.Debug|Any CPU.Build.0 = Debug|Any CPU
		{DB02FA02-59B6-46DA-A291-935D43C3B381}.Release|Any CPU.ActiveCfg = Release|Any CPU
		{DB02FA02-59B6-46DA-A291-935D43C3B381}.Release|Any CPU.Build.0 = Release|Any CPU
		{2287D46C-3D1A-4948-BE63-14C0758200C1}.Debug|Any CPU.ActiveCfg = Debug|Any CPU
		{2287D46C-3D1A-4948-BE63-14C0758200C1}.Debug|Any CPU.Build.0 = Debug|Any CPU
		{2287D46C-3D1A-4948-BE63-14C0758200C1}.Release|Any CPU.ActiveCfg = Release|Any CPU
		{2287D46C-3D1A-4948-BE63-14C0758200C1}.Release|Any CPU.Build.0 = Release|Any CPU
		{23B3D575-B275-42EE-9B40-516FA02B7F95}.Debug|Any CPU.ActiveCfg = Debug|Any CPU
		{23B3D575-B275-42EE-9B40-516FA02B7F95}.Debug|Any CPU.Build.0 = Debug|Any CPU
		{23B3D575-B275-42EE-9B40-516FA02B7F95}.Release|Any CPU.ActiveCfg = Release|Any CPU
		{23B3D575-B275-42EE-9B40-516FA02B7F95}.Release|Any CPU.Build.0 = Release|Any CPU
		{07B5331C-885A-45FD-A4FA-5C909B3994AE}.Debug|Any CPU.ActiveCfg = Debug|Any CPU
		{07B5331C-885A-45FD-A4FA-5C909B3994AE}.Debug|Any CPU.Build.0 = Debug|Any CPU
		{07B5331C-885A-45FD-A4FA-5C909B3994AE}.Release|Any CPU.ActiveCfg = Release|Any CPU
		{07B5331C-885A-45FD-A4FA-5C909B3994AE}.Release|Any CPU.Build.0 = Release|Any CPU
		{15293147-AB68-4047-8507-5C2988101967}.Debug|Any CPU.ActiveCfg = Debug|Any CPU
		{15293147-AB68-4047-8507-5C2988101967}.Debug|Any CPU.Build.0 = Debug|Any CPU
		{15293147-AB68-4047-8507-5C2988101967}.Release|Any CPU.ActiveCfg = Release|Any CPU
		{15293147-AB68-4047-8507-5C2988101967}.Release|Any CPU.Build.0 = Release|Any CPU
		{DD05C323-A321-47E3-9C3D-19C1D4451440}.Debug|Any CPU.ActiveCfg = Debug|Any CPU
		{DD05C323-A321-47E3-9C3D-19C1D4451440}.Debug|Any CPU.Build.0 = Debug|Any CPU
		{DD05C323-A321-47E3-9C3D-19C1D4451440}.Release|Any CPU.ActiveCfg = Release|Any CPU
		{DD05C323-A321-47E3-9C3D-19C1D4451440}.Release|Any CPU.Build.0 = Release|Any CPU
		{1DD17A04-6529-4318-8A12-08C0E400CCF1}.Debug|Any CPU.ActiveCfg = Debug|Any CPU
		{1DD17A04-6529-4318-8A12-08C0E400CCF1}.Debug|Any CPU.Build.0 = Debug|Any CPU
		{1DD17A04-6529-4318-8A12-08C0E400CCF1}.Release|Any CPU.ActiveCfg = Release|Any CPU
		{1DD17A04-6529-4318-8A12-08C0E400CCF1}.Release|Any CPU.Build.0 = Release|Any CPU
		{0E971086-079B-4BFF-B6FA-5693BB902454}.Debug|Any CPU.ActiveCfg = Debug|Any CPU
		{0E971086-079B-4BFF-B6FA-5693BB902454}.Debug|Any CPU.Build.0 = Debug|Any CPU
		{0E971086-079B-4BFF-B6FA-5693BB902454}.Release|Any CPU.ActiveCfg = Release|Any CPU
		{0E971086-079B-4BFF-B6FA-5693BB902454}.Release|Any CPU.Build.0 = Release|Any CPU
		{CD85F9EC-F187-4859-A9DB-9832C46DB8F8}.Debug|Any CPU.ActiveCfg = Debug|Any CPU
		{CD85F9EC-F187-4859-A9DB-9832C46DB8F8}.Debug|Any CPU.Build.0 = Debug|Any CPU
		{CD85F9EC-F187-4859-A9DB-9832C46DB8F8}.Release|Any CPU.ActiveCfg = Release|Any CPU
		{CD85F9EC-F187-4859-A9DB-9832C46DB8F8}.Release|Any CPU.Build.0 = Release|Any CPU
		{39FB8A53-1FEA-4E3E-932D-B20470CB7C72}.Debug|Any CPU.ActiveCfg = Debug|Any CPU
		{39FB8A53-1FEA-4E3E-932D-B20470CB7C72}.Debug|Any CPU.Build.0 = Debug|Any CPU
		{39FB8A53-1FEA-4E3E-932D-B20470CB7C72}.Release|Any CPU.ActiveCfg = Release|Any CPU
		{39FB8A53-1FEA-4E3E-932D-B20470CB7C72}.Release|Any CPU.Build.0 = Release|Any CPU
		{B424D8C9-1CED-47B1-B9D0-8382F64ED47A}.Debug|Any CPU.ActiveCfg = Debug|Any CPU
		{B424D8C9-1CED-47B1-B9D0-8382F64ED47A}.Debug|Any CPU.Build.0 = Debug|Any CPU
		{B424D8C9-1CED-47B1-B9D0-8382F64ED47A}.Release|Any CPU.ActiveCfg = Release|Any CPU
		{B424D8C9-1CED-47B1-B9D0-8382F64ED47A}.Release|Any CPU.Build.0 = Release|Any CPU
		{9DB4D546-F00E-4DC5-875D-B85317E0DA7F}.Debug|Any CPU.ActiveCfg = Debug|Any CPU
		{9DB4D546-F00E-4DC5-875D-B85317E0DA7F}.Debug|Any CPU.Build.0 = Debug|Any CPU
		{9DB4D546-F00E-4DC5-875D-B85317E0DA7F}.Release|Any CPU.ActiveCfg = Release|Any CPU
		{9DB4D546-F00E-4DC5-875D-B85317E0DA7F}.Release|Any CPU.Build.0 = Release|Any CPU
		{AB5D14E9-969D-4403-A3EF-997A12FE1E7A}.Debug|Any CPU.ActiveCfg = Debug|Any CPU
		{AB5D14E9-969D-4403-A3EF-997A12FE1E7A}.Debug|Any CPU.Build.0 = Debug|Any CPU
		{AB5D14E9-969D-4403-A3EF-997A12FE1E7A}.Release|Any CPU.ActiveCfg = Release|Any CPU
		{AB5D14E9-969D-4403-A3EF-997A12FE1E7A}.Release|Any CPU.Build.0 = Release|Any CPU
		{320CAFD4-E9C9-4F33-9B23-1B29B583DE9E}.Debug|Any CPU.ActiveCfg = Debug|Any CPU
		{320CAFD4-E9C9-4F33-9B23-1B29B583DE9E}.Debug|Any CPU.Build.0 = Debug|Any CPU
		{320CAFD4-E9C9-4F33-9B23-1B29B583DE9E}.Release|Any CPU.ActiveCfg = Release|Any CPU
		{320CAFD4-E9C9-4F33-9B23-1B29B583DE9E}.Release|Any CPU.Build.0 = Release|Any CPU
		{C9AF66EF-F555-43A5-8B38-5139E98B95B5}.Debug|Any CPU.ActiveCfg = Debug|Any CPU
		{C9AF66EF-F555-43A5-8B38-5139E98B95B5}.Debug|Any CPU.Build.0 = Debug|Any CPU
		{C9AF66EF-F555-43A5-8B38-5139E98B95B5}.Release|Any CPU.ActiveCfg = Release|Any CPU
		{C9AF66EF-F555-43A5-8B38-5139E98B95B5}.Release|Any CPU.Build.0 = Release|Any CPU
		{FFCBE4C0-ED2E-47A4-9962-44DF4E7C4641}.Debug|Any CPU.ActiveCfg = Debug|Any CPU
		{FFCBE4C0-ED2E-47A4-9962-44DF4E7C4641}.Debug|Any CPU.Build.0 = Debug|Any CPU
		{FFCBE4C0-ED2E-47A4-9962-44DF4E7C4641}.Release|Any CPU.ActiveCfg = Release|Any CPU
		{FFCBE4C0-ED2E-47A4-9962-44DF4E7C4641}.Release|Any CPU.Build.0 = Release|Any CPU
		{CAE61BEE-CB37-4B1A-9C5F-2A093E50EEC9}.Debug|Any CPU.ActiveCfg = Debug|Any CPU
		{CAE61BEE-CB37-4B1A-9C5F-2A093E50EEC9}.Debug|Any CPU.Build.0 = Debug|Any CPU
		{CAE61BEE-CB37-4B1A-9C5F-2A093E50EEC9}.Release|Any CPU.ActiveCfg = Release|Any CPU
		{CAE61BEE-CB37-4B1A-9C5F-2A093E50EEC9}.Release|Any CPU.Build.0 = Release|Any CPU
		{F3D968C7-62D1-4DF1-B7F9-2F2A5D0D98B3}.Debug|Any CPU.ActiveCfg = Debug|Any CPU
		{F3D968C7-62D1-4DF1-B7F9-2F2A5D0D98B3}.Debug|Any CPU.Build.0 = Debug|Any CPU
		{F3D968C7-62D1-4DF1-B7F9-2F2A5D0D98B3}.Release|Any CPU.ActiveCfg = Release|Any CPU
		{F3D968C7-62D1-4DF1-B7F9-2F2A5D0D98B3}.Release|Any CPU.Build.0 = Release|Any CPU
		{BC6BAEC4-F4E9-481A-A5A4-2F4A38CE9C82}.Debug|Any CPU.ActiveCfg = Debug|Any CPU
		{BC6BAEC4-F4E9-481A-A5A4-2F4A38CE9C82}.Debug|Any CPU.Build.0 = Debug|Any CPU
		{BC6BAEC4-F4E9-481A-A5A4-2F4A38CE9C82}.Release|Any CPU.ActiveCfg = Release|Any CPU
		{BC6BAEC4-F4E9-481A-A5A4-2F4A38CE9C82}.Release|Any CPU.Build.0 = Release|Any CPU
		{914F2116-0F93-43F5-8E54-48465D9DF16A}.Debug|Any CPU.ActiveCfg = Debug|Any CPU
		{914F2116-0F93-43F5-8E54-48465D9DF16A}.Debug|Any CPU.Build.0 = Debug|Any CPU
		{914F2116-0F93-43F5-8E54-48465D9DF16A}.Release|Any CPU.ActiveCfg = Release|Any CPU
		{914F2116-0F93-43F5-8E54-48465D9DF16A}.Release|Any CPU.Build.0 = Release|Any CPU
		{E08F2874-8742-469A-BD2F-93D7900CDD43}.Debug|Any CPU.ActiveCfg = Debug|Any CPU
		{E08F2874-8742-469A-BD2F-93D7900CDD43}.Debug|Any CPU.Build.0 = Debug|Any CPU
		{E08F2874-8742-469A-BD2F-93D7900CDD43}.Release|Any CPU.ActiveCfg = Release|Any CPU
		{E08F2874-8742-469A-BD2F-93D7900CDD43}.Release|Any CPU.Build.0 = Release|Any CPU
		{71BA5B7A-9435-4EA2-9D2E-F0413324943C}.Debug|Any CPU.ActiveCfg = Debug|Any CPU
		{71BA5B7A-9435-4EA2-9D2E-F0413324943C}.Debug|Any CPU.Build.0 = Debug|Any CPU
		{71BA5B7A-9435-4EA2-9D2E-F0413324943C}.Release|Any CPU.ActiveCfg = Release|Any CPU
		{71BA5B7A-9435-4EA2-9D2E-F0413324943C}.Release|Any CPU.Build.0 = Release|Any CPU
		{C72AA315-7C89-4FAD-BB00-5E08CC47C18F}.Debug|Any CPU.ActiveCfg = Debug|Any CPU
		{C72AA315-7C89-4FAD-BB00-5E08CC47C18F}.Debug|Any CPU.Build.0 = Debug|Any CPU
		{C72AA315-7C89-4FAD-BB00-5E08CC47C18F}.Release|Any CPU.ActiveCfg = Release|Any CPU
		{C72AA315-7C89-4FAD-BB00-5E08CC47C18F}.Release|Any CPU.Build.0 = Release|Any CPU
		{8D49F472-E0F7-4867-9DAC-D14C265AEE57}.Debug|Any CPU.ActiveCfg = Debug|Any CPU
		{8D49F472-E0F7-4867-9DAC-D14C265AEE57}.Debug|Any CPU.Build.0 = Debug|Any CPU
		{8D49F472-E0F7-4867-9DAC-D14C265AEE57}.Release|Any CPU.ActiveCfg = Release|Any CPU
		{8D49F472-E0F7-4867-9DAC-D14C265AEE57}.Release|Any CPU.Build.0 = Release|Any CPU
		{4F4A3953-3A92-4954-BC3F-B5D72DF8366B}.Debug|Any CPU.ActiveCfg = Debug|Any CPU
		{4F4A3953-3A92-4954-BC3F-B5D72DF8366B}.Debug|Any CPU.Build.0 = Debug|Any CPU
		{4F4A3953-3A92-4954-BC3F-B5D72DF8366B}.Release|Any CPU.ActiveCfg = Release|Any CPU
		{4F4A3953-3A92-4954-BC3F-B5D72DF8366B}.Release|Any CPU.Build.0 = Release|Any CPU
		{B35EB831-7539-4FBE-A039-7BC9F047491E}.Debug|Any CPU.ActiveCfg = Debug|Any CPU
		{B35EB831-7539-4FBE-A039-7BC9F047491E}.Debug|Any CPU.Build.0 = Debug|Any CPU
		{B35EB831-7539-4FBE-A039-7BC9F047491E}.Release|Any CPU.ActiveCfg = Release|Any CPU
		{B35EB831-7539-4FBE-A039-7BC9F047491E}.Release|Any CPU.Build.0 = Release|Any CPU
		{BDAB7348-639B-4223-8E65-A7BA34AD31CC}.Debug|Any CPU.ActiveCfg = Debug|Any CPU
		{BDAB7348-639B-4223-8E65-A7BA34AD31CC}.Debug|Any CPU.Build.0 = Debug|Any CPU
		{BDAB7348-639B-4223-8E65-A7BA34AD31CC}.Release|Any CPU.ActiveCfg = Release|Any CPU
		{BDAB7348-639B-4223-8E65-A7BA34AD31CC}.Release|Any CPU.Build.0 = Release|Any CPU
		{5703FE01-295A-43FE-B95A-F8E9DF860DCF}.Debug|Any CPU.ActiveCfg = Debug|Any CPU
		{5703FE01-295A-43FE-B95A-F8E9DF860DCF}.Debug|Any CPU.Build.0 = Debug|Any CPU
		{5703FE01-295A-43FE-B95A-F8E9DF860DCF}.Release|Any CPU.ActiveCfg = Release|Any CPU
		{5703FE01-295A-43FE-B95A-F8E9DF860DCF}.Release|Any CPU.Build.0 = Release|Any CPU
		{E06F6124-4026-43CD-8EC4-A71039F089CB}.Debug|Any CPU.ActiveCfg = Debug|Any CPU
		{E06F6124-4026-43CD-8EC4-A71039F089CB}.Debug|Any CPU.Build.0 = Debug|Any CPU
		{E06F6124-4026-43CD-8EC4-A71039F089CB}.Release|Any CPU.ActiveCfg = Release|Any CPU
		{E06F6124-4026-43CD-8EC4-A71039F089CB}.Release|Any CPU.Build.0 = Release|Any CPU
		{6BCB3691-D364-4D1B-8EAD-F1203E4C2191}.Debug|Any CPU.ActiveCfg = Debug|Any CPU
		{6BCB3691-D364-4D1B-8EAD-F1203E4C2191}.Debug|Any CPU.Build.0 = Debug|Any CPU
		{6BCB3691-D364-4D1B-8EAD-F1203E4C2191}.Release|Any CPU.ActiveCfg = Release|Any CPU
		{6BCB3691-D364-4D1B-8EAD-F1203E4C2191}.Release|Any CPU.Build.0 = Release|Any CPU
		{79C3FBC7-C3CD-40DC-8432-1C705310767A}.Debug|Any CPU.ActiveCfg = Debug|Any CPU
		{79C3FBC7-C3CD-40DC-8432-1C705310767A}.Debug|Any CPU.Build.0 = Debug|Any CPU
		{79C3FBC7-C3CD-40DC-8432-1C705310767A}.Release|Any CPU.ActiveCfg = Release|Any CPU
		{79C3FBC7-C3CD-40DC-8432-1C705310767A}.Release|Any CPU.Build.0 = Release|Any CPU
		{9FA16DA8-F4C0-4A54-AD1D-2E981EA5508B}.Debug|Any CPU.ActiveCfg = Debug|Any CPU
		{9FA16DA8-F4C0-4A54-AD1D-2E981EA5508B}.Debug|Any CPU.Build.0 = Debug|Any CPU
		{9FA16DA8-F4C0-4A54-AD1D-2E981EA5508B}.Release|Any CPU.ActiveCfg = Release|Any CPU
		{9FA16DA8-F4C0-4A54-AD1D-2E981EA5508B}.Release|Any CPU.Build.0 = Release|Any CPU
		{835837E7-F406-4F56-8B97-67F553999E4F}.Debug|Any CPU.ActiveCfg = Debug|Any CPU
		{835837E7-F406-4F56-8B97-67F553999E4F}.Debug|Any CPU.Build.0 = Debug|Any CPU
		{835837E7-F406-4F56-8B97-67F553999E4F}.Release|Any CPU.ActiveCfg = Release|Any CPU
		{835837E7-F406-4F56-8B97-67F553999E4F}.Release|Any CPU.Build.0 = Release|Any CPU
		{2E41BA96-FB9C-4A78-9D7E-9BD4524EA39F}.Debug|Any CPU.ActiveCfg = Debug|Any CPU
		{2E41BA96-FB9C-4A78-9D7E-9BD4524EA39F}.Debug|Any CPU.Build.0 = Debug|Any CPU
		{2E41BA96-FB9C-4A78-9D7E-9BD4524EA39F}.Release|Any CPU.ActiveCfg = Release|Any CPU
		{2E41BA96-FB9C-4A78-9D7E-9BD4524EA39F}.Release|Any CPU.Build.0 = Release|Any CPU
		{74C2E618-B817-4114-812F-961F6D124910}.Debug|Any CPU.ActiveCfg = Debug|Any CPU
		{74C2E618-B817-4114-812F-961F6D124910}.Debug|Any CPU.Build.0 = Debug|Any CPU
		{74C2E618-B817-4114-812F-961F6D124910}.Release|Any CPU.ActiveCfg = Release|Any CPU
		{74C2E618-B817-4114-812F-961F6D124910}.Release|Any CPU.Build.0 = Release|Any CPU
		{7FB0D5A2-E12C-4D12-893B-7F1778661E3E}.Debug|Any CPU.ActiveCfg = Debug|Any CPU
		{7FB0D5A2-E12C-4D12-893B-7F1778661E3E}.Debug|Any CPU.Build.0 = Debug|Any CPU
		{7FB0D5A2-E12C-4D12-893B-7F1778661E3E}.Release|Any CPU.ActiveCfg = Release|Any CPU
		{7FB0D5A2-E12C-4D12-893B-7F1778661E3E}.Release|Any CPU.Build.0 = Release|Any CPU
		{B12F594B-C14A-41FA-95E5-45F99051D1D2}.Debug|Any CPU.ActiveCfg = Debug|Any CPU
		{B12F594B-C14A-41FA-95E5-45F99051D1D2}.Debug|Any CPU.Build.0 = Debug|Any CPU
		{B12F594B-C14A-41FA-95E5-45F99051D1D2}.Release|Any CPU.ActiveCfg = Release|Any CPU
		{B12F594B-C14A-41FA-95E5-45F99051D1D2}.Release|Any CPU.Build.0 = Release|Any CPU
		{AB977078-66A0-4176-9DF1-9E6E9B5C0D35}.Debug|Any CPU.ActiveCfg = Debug|Any CPU
		{AB977078-66A0-4176-9DF1-9E6E9B5C0D35}.Debug|Any CPU.Build.0 = Debug|Any CPU
		{AB977078-66A0-4176-9DF1-9E6E9B5C0D35}.Release|Any CPU.ActiveCfg = Release|Any CPU
		{AB977078-66A0-4176-9DF1-9E6E9B5C0D35}.Release|Any CPU.Build.0 = Release|Any CPU
		{72BA31D8-3BD5-43B3-BEB9-42C913891010}.Debug|Any CPU.ActiveCfg = Debug|Any CPU
		{72BA31D8-3BD5-43B3-BEB9-42C913891010}.Debug|Any CPU.Build.0 = Debug|Any CPU
		{72BA31D8-3BD5-43B3-BEB9-42C913891010}.Release|Any CPU.ActiveCfg = Release|Any CPU
		{72BA31D8-3BD5-43B3-BEB9-42C913891010}.Release|Any CPU.Build.0 = Release|Any CPU
		{DF60D8A1-FC70-4FF1-83B3-6EC31E4D1579}.Debug|Any CPU.ActiveCfg = Debug|Any CPU
		{DF60D8A1-FC70-4FF1-83B3-6EC31E4D1579}.Debug|Any CPU.Build.0 = Debug|Any CPU
		{DF60D8A1-FC70-4FF1-83B3-6EC31E4D1579}.Release|Any CPU.ActiveCfg = Release|Any CPU
		{DF60D8A1-FC70-4FF1-83B3-6EC31E4D1579}.Release|Any CPU.Build.0 = Release|Any CPU
		{B9942716-BDAD-4097-8934-84FF64DA3AF2}.Debug|Any CPU.ActiveCfg = Debug|Any CPU
		{B9942716-BDAD-4097-8934-84FF64DA3AF2}.Debug|Any CPU.Build.0 = Debug|Any CPU
		{B9942716-BDAD-4097-8934-84FF64DA3AF2}.Release|Any CPU.ActiveCfg = Release|Any CPU
		{B9942716-BDAD-4097-8934-84FF64DA3AF2}.Release|Any CPU.Build.0 = Release|Any CPU
		{38086A76-174B-4810-AE60-EE01D69DA732}.Debug|Any CPU.ActiveCfg = Debug|Any CPU
		{38086A76-174B-4810-AE60-EE01D69DA732}.Debug|Any CPU.Build.0 = Debug|Any CPU
		{38086A76-174B-4810-AE60-EE01D69DA732}.Release|Any CPU.ActiveCfg = Release|Any CPU
		{38086A76-174B-4810-AE60-EE01D69DA732}.Release|Any CPU.Build.0 = Release|Any CPU
	EndGlobalSection
EndGlobal
